dependencies:
- name: flyte-core
  repository: file://../flyte-core
  version: 2024.2.3
- name: opencost
  repository: https://opencost.github.io/opencost-helm-chart
  version: 1.29.0
digest: sha256:c0a736b743bf7307c0bebdde9627737e72d721a9761ff23a66ea45e905e902d4
generated: "2024-02-22T19:05:18.268722915Z"
